{
  "version": "4",
  "specifiers": {
    "jsr:@std/assert@1": "1.0.6",
    "jsr:@std/cli@^1.0.6": "1.0.6",
    "jsr:@std/encoding@^1.0.5": "1.0.5",
    "jsr:@std/fmt@^1.0.2": "1.0.2",
    "jsr:@std/http@1": "1.0.7",
    "jsr:@std/internal@^1.0.4": "1.0.4",
    "jsr:@std/media-types@^1.0.3": "1.0.3",
    "jsr:@std/net@^1.0.4": "1.0.4",
    "jsr:@std/path@^1.0.6": "1.0.6",
    "jsr:@std/streams@^1.0.6": "1.0.6"
  },
  "jsr": {
    "@std/assert@1.0.6": {
      "integrity": "1904c05806a25d94fe791d6d883b685c9e2dcd60e4f9fc30f4fc5cf010c72207",
      "dependencies": [
        "jsr:@std/internal"
      ]
    },
    "@std/cli@1.0.6": {
      "integrity": "d22d8b38c66c666d7ad1f2a66c5b122da1704f985d3c47f01129f05abb6c5d3d"
    },
    "@std/encoding@1.0.5": {
      "integrity": "ecf363d4fc25bd85bd915ff6733a7e79b67e0e7806334af15f4645c569fefc04"
    },
    "@std/fmt@1.0.2": {
      "integrity": "87e9dfcdd3ca7c066e0c3c657c1f987c82888eb8103a3a3baa62684ffeb0f7a7"
    },
    "@std/http@1.0.7": {
      "integrity": "9b904fc256678a5c9759f1a53a24a3fdcc59d83dc62099bb472683b6f819194c",
      "dependencies": [
        "jsr:@std/cli",
        "jsr:@std/encoding",
        "jsr:@std/fmt",
        "jsr:@std/media-types",
        "jsr:@std/net",
        "jsr:@std/path",
        "jsr:@std/streams"
      ]
    },
    "@std/internal@1.0.4": {
      "integrity": "62e8e4911527e5e4f307741a795c0b0a9e6958d0b3790716ae71ce085f755422"
    },
    "@std/media-types@1.0.3": {
      "integrity": "b12d30a7852f7578f4d210622df713bbfd1cbdd9b4ec2eaf5c1845ab70bab159"
    },
    "@std/net@1.0.4": {
      "integrity": "2f403b455ebbccf83d8a027d29c5a9e3a2452fea39bb2da7f2c04af09c8bc852"
    },
    "@std/path@1.0.6": {
      "integrity": "ab2c55f902b380cf28e0eec501b4906e4c1960d13f00e11cfbcd21de15f18fed"
    },
    "@std/streams@1.0.6": {
      "integrity": "022ed94e380d06b4d91c49eb70241b7289ab78b8c2b4c4bbb7eb265e4997c25c"
    }
  },
  "workspace": {
    "dependencies": [
      "jsr:@std/assert@1",
      "jsr:@std/http@1"
    ]
  }
}
